{
  "object": {
    "pins": [
      {
        "package": "AWSSDKSwiftCore",
        "repositoryURL": "https://github.com/GetBlast/aws-sdk-swift-core.git",
        "state": {
          "branch": "support_iam_roles_for_ecs_tasks",
          "revision": "e0104e3a2107cceb8984fec58da7ce244e57368c",
          "version": null
        }
      },
      {
        "package": "CHTTPParser",
        "repositoryURL": "https://github.com/Zewo/CHTTPParser.git",
        "state": {
          "branch": null,
          "revision": "88306ab33bb316b2eedd39c90f4be8f4ebf65a11",
          "version": "0.14.0"
        }
      },
      {
        "package": "CLibreSSL",
        "repositoryURL": "https://github.com/vapor/clibressl.git",
        "state": {
          "branch": null,
          "revision": "23ddb296981d17a8ee6c7418742a40cad5d2f9d0",
          "version": "1.0.0"
        }
      },
      {
        "package": "HypertextApplicationLanguage",
        "repositoryURL": "https://github.com/noppoMan/HypertextApplicationLanguage.git",
        "state": {
          "branch": null,
          "revision": "e6216c13fd510e31e70e6f409936f1a656db1f33",
          "version": "1.0.1"
        }
      },
      {
        "package": "Prorsum",
        "repositoryURL": "https://github.com/GetBlast/Prorsum.git",
        "state": {
          "branch": "55_request_uri",
          "revision": "6519a8c067bc74909e6a0a68b8d530f3cac18eb7",
          "version": null
        }
      },
      {
        "package": "ProrsumNet",
        "repositoryURL": "https://github.com/noppoman/ProrsumNet.git",
        "state": {
          "branch": null,
          "revision": "941e0c65df620467130e9eb2496a3c1275c1d307",
          "version": "0.1.3"
        }
      }
    ]
  },
  "version": 1
}
